// !$*UTF8*$!
{
	archiveVersion = 1;
	classes = {
	};
	objectVersion = 46;
	objects = {

/* Begin PBXBuildFile section */
		8304F20B1BE3AEDB00DB465A /* iGalleryTests.swift in Sources */ = {isa = PBXBuildFile; fileRef = 8304F20A1BE3AEDB00DB465A /* iGalleryTests.swift */; };
		8304F21C1BE3BBAF00DB465A /* AppDelegate.swift in Sources */ = {isa = PBXBuildFile; fileRef = 8304F2191BE3BBAF00DB465A /* AppDelegate.swift */; };
		8304F21D1BE3BBAF00DB465A /* AppDelegate.swift in Sources */ = {isa = PBXBuildFile; fileRef = 8304F2191BE3BBAF00DB465A /* AppDelegate.swift */; };
		8304F2201BE3BBAF00DB465A /* LaunchScreen.storyboard in Resources */ = {isa = PBXBuildFile; fileRef = 8304F21B1BE3BBAF00DB465A /* LaunchScreen.storyboard */; };
		8304F2221BE3BBCC00DB465A /* AppDelegate.swift in Sources */ = {isa = PBXBuildFile; fileRef = 8304F2191BE3BBAF00DB465A /* AppDelegate.swift */; };
		8304F2241BE3BC5000DB465A /* Photo.swift in Sources */ = {isa = PBXBuildFile; fileRef = 8304F2231BE3BC5000DB465A /* Photo.swift */; };
		8304F2251BE3BC5000DB465A /* Photo.swift in Sources */ = {isa = PBXBuildFile; fileRef = 8304F2231BE3BC5000DB465A /* Photo.swift */; };
		8304F2261BE3BC5000DB465A /* Photo.swift in Sources */ = {isa = PBXBuildFile; fileRef = 8304F2231BE3BC5000DB465A /* Photo.swift */; };
		8304F22C1BE3BC6100DB465A /* StockPhotoStore.swift in Sources */ = {isa = PBXBuildFile; fileRef = 8304F2281BE3BC6100DB465A /* StockPhotoStore.swift */; };
		8304F22D1BE3BC6100DB465A /* StockPhotoStore.swift in Sources */ = {isa = PBXBuildFile; fileRef = 8304F2281BE3BC6100DB465A /* StockPhotoStore.swift */; };
		8304F22E1BE3BC6100DB465A /* StockPhotoStore.swift in Sources */ = {isa = PBXBuildFile; fileRef = 8304F2281BE3BC6100DB465A /* StockPhotoStore.swift */; };
		8304F2311BE3BC6B00DB465A /* GalleryCollectionViewCell.swift in Sources */ = {isa = PBXBuildFile; fileRef = 8304F22F1BE3BC6B00DB465A /* GalleryCollectionViewCell.swift */; };
		8304F2321BE3BC6B00DB465A /* GalleryCollectionViewCell.swift in Sources */ = {isa = PBXBuildFile; fileRef = 8304F22F1BE3BC6B00DB465A /* GalleryCollectionViewCell.swift */; };
		8304F2331BE3BC6B00DB465A /* GalleryCollectionViewCell.swift in Sources */ = {isa = PBXBuildFile; fileRef = 8304F22F1BE3BC6B00DB465A /* GalleryCollectionViewCell.swift */; };
		8304F2341BE3BC6B00DB465A /* GalleryCollectionViewController.swift in Sources */ = {isa = PBXBuildFile; fileRef = 8304F2301BE3BC6B00DB465A /* GalleryCollectionViewController.swift */; };
		8304F2351BE3BC6B00DB465A /* GalleryCollectionViewController.swift in Sources */ = {isa = PBXBuildFile; fileRef = 8304F2301BE3BC6B00DB465A /* GalleryCollectionViewController.swift */; };
		8304F2361BE3BC6B00DB465A /* GalleryCollectionViewController.swift in Sources */ = {isa = PBXBuildFile; fileRef = 8304F2301BE3BC6B00DB465A /* GalleryCollectionViewController.swift */; };
		8304F2391BE3BC7300DB465A /* PhotoPageViewController.swift in Sources */ = {isa = PBXBuildFile; fileRef = 8304F2371BE3BC7300DB465A /* PhotoPageViewController.swift */; };
		8304F23A1BE3BC7300DB465A /* PhotoPageViewController.swift in Sources */ = {isa = PBXBuildFile; fileRef = 8304F2371BE3BC7300DB465A /* PhotoPageViewController.swift */; };
		8304F23B1BE3BC7300DB465A /* PhotoPageViewController.swift in Sources */ = {isa = PBXBuildFile; fileRef = 8304F2371BE3BC7300DB465A /* PhotoPageViewController.swift */; };
		8304F23C1BE3BC7300DB465A /* PhotoScrollViewController.swift in Sources */ = {isa = PBXBuildFile; fileRef = 8304F2381BE3BC7300DB465A /* PhotoScrollViewController.swift */; };
		8304F23D1BE3BC7300DB465A /* PhotoScrollViewController.swift in Sources */ = {isa = PBXBuildFile; fileRef = 8304F2381BE3BC7300DB465A /* PhotoScrollViewController.swift */; };
		8304F23E1BE3BC7300DB465A /* PhotoScrollViewController.swift in Sources */ = {isa = PBXBuildFile; fileRef = 8304F2381BE3BC7300DB465A /* PhotoScrollViewController.swift */; };
		8304F23F1BE3BC8700DB465A /* StockPhotoStore.swift in Sources */ = {isa = PBXBuildFile; fileRef = 8304F2281BE3BC6100DB465A /* StockPhotoStore.swift */; };
		8304F2401BE3BCBA00DB465A /* DevicePhotoStore.swift in Sources */ = {isa = PBXBuildFile; fileRef = 8304F2271BE3BC6100DB465A /* DevicePhotoStore.swift */; };
		8304F2421BE3BCBF00DB465A /* DevicePhotoStore.swift in Sources */ = {isa = PBXBuildFile; fileRef = 8304F2271BE3BC6100DB465A /* DevicePhotoStore.swift */; };
		8304F2441BE3BCF700DB465A /* Photo.swift in Sources */ = {isa = PBXBuildFile; fileRef = 8304F2231BE3BC5000DB465A /* Photo.swift */; };
		832000831BE0E3D400A3430C /* AppAssets.xcassets in Resources */ = {isa = PBXBuildFile; fileRef = 833078C11BE029EE00804D31 /* AppAssets.xcassets */; };
		832000841BE0E4DC00A3430C /* StockPhotos.xcassets in Resources */ = {isa = PBXBuildFile; fileRef = 833078FB1BE0D7FD00804D31 /* StockPhotos.xcassets */; };
		832000881BE0EBA400A3430C /* ExtensionDelegate.swift in Sources */ = {isa = PBXBuildFile; fileRef = 832000851BE0EBA400A3430C /* ExtensionDelegate.swift */; };
		8320008A1BE0EBA400A3430C /* InterfaceController.swift in Sources */ = {isa = PBXBuildFile; fileRef = 832000871BE0EBA400A3430C /* InterfaceController.swift */; };
		833078C91BE029EE00804D31 /* AppAssets.xcassets in Resources */ = {isa = PBXBuildFile; fileRef = 833078C11BE029EE00804D31 /* AppAssets.xcassets */; };
		833078CA1BE029EE00804D31 /* AppAssets.xcassets in Resources */ = {isa = PBXBuildFile; fileRef = 833078C11BE029EE00804D31 /* AppAssets.xcassets */; };
		833078DB1BE0337A00804D31 /* Interface.storyboard in Resources */ = {isa = PBXBuildFile; fileRef = 833078D91BE0337A00804D31 /* Interface.storyboard */; };
		833078E41BE0337B00804D31 /* watchGalleryExtension.appex in Embed App Extensions */ = {isa = PBXBuildFile; fileRef = 833078E31BE0337B00804D31 /* watchGalleryExtension.appex */; settings = {ATTRIBUTES = (RemoveHeadersOnCopy, ); }; };
		833078F11BE0337B00804D31 /* watchGallery.app in Embed Watch Content */ = {isa = PBXBuildFile; fileRef = 833078D71BE0337A00804D31 /* watchGallery.app */; };
		833078F91BE0CF5100804D31 /* AppAssets.xcassets in Resources */ = {isa = PBXBuildFile; fileRef = 833078C11BE029EE00804D31 /* AppAssets.xcassets */; };
		833078FC1BE0D7FD00804D31 /* StockPhotos.xcassets in Resources */ = {isa = PBXBuildFile; fileRef = 833078FB1BE0D7FD00804D31 /* StockPhotos.xcassets */; };
		833078FD1BE0D7FD00804D31 /* StockPhotos.xcassets in Resources */ = {isa = PBXBuildFile; fileRef = 833078FB1BE0D7FD00804D31 /* StockPhotos.xcassets */; };
/* End PBXBuildFile section */

/* Begin PBXContainerItemProxy section */
		8304F20D1BE3AEDB00DB465A /* PBXContainerItemProxy */ = {
			isa = PBXContainerItemProxy;
			containerPortal = 83436DE51BDF947900B89409 /* Project object */;
			proxyType = 1;
			remoteGlobalIDString = 83436E791BDFC9DC00B89409;
			remoteInfo = iGallery;
		};
		833078E51BE0337B00804D31 /* PBXContainerItemProxy */ = {
			isa = PBXContainerItemProxy;
			containerPortal = 83436DE51BDF947900B89409 /* Project object */;
			proxyType = 1;
			remoteGlobalIDString = 833078E21BE0337B00804D31;
			remoteInfo = "watchGallery Extension";
		};
		833078EF1BE0337B00804D31 /* PBXContainerItemProxy */ = {
			isa = PBXContainerItemProxy;
			containerPortal = 83436DE51BDF947900B89409 /* Project object */;
			proxyType = 1;
			remoteGlobalIDString = 833078D61BE0337A00804D31;
			remoteInfo = watchGallery;
		};
/* End PBXContainerItemProxy section */

/* Begin PBXCopyFilesBuildPhase section */
		833078F51BE0337B00804D31 /* Embed App Extensions */ = {
			isa = PBXCopyFilesBuildPhase;
			buildActionMask = 2147483647;
			dstPath = "";
			dstSubfolderSpec = 13;
			files = (
				833078E41BE0337B00804D31 /* watchGalleryExtension.appex in Embed App Extensions */,
			);
			name = "Embed App Extensions";
			runOnlyForDeploymentPostprocessing = 0;
		};
		83436EB01BDFCA1D00B89409 /* Embed Watch Content */ = {
			isa = PBXCopyFilesBuildPhase;
			buildActionMask = 2147483647;
			dstPath = "$(CONTENTS_FOLDER_PATH)/Watch";
			dstSubfolderSpec = 16;
			files = (
				833078F11BE0337B00804D31 /* watchGallery.app in Embed Watch Content */,
			);
			name = "Embed Watch Content";
			runOnlyForDeploymentPostprocessing = 0;
		};
/* End PBXCopyFilesBuildPhase section */

/* Begin PBXFileReference section */
		8304F2081BE3AEDB00DB465A /* iGalleryTests.xctest */ = {isa = PBXFileReference; explicitFileType = wrapper.cfbundle; includeInIndex = 0; path = iGalleryTests.xctest; sourceTree = BUILT_PRODUCTS_DIR; };
		8304F20A1BE3AEDB00DB465A /* iGalleryTests.swift */ = {isa = PBXFileReference; lastKnownFileType = sourcecode.swift; path = iGalleryTests.swift; sourceTree = "<group>"; };
		8304F20C1BE3AEDB00DB465A /* Info.plist */ = {isa = PBXFileReference; lastKnownFileType = text.plist.xml; path = Info.plist; sourceTree = "<group>"; };
		8304F2191BE3BBAF00DB465A /* AppDelegate.swift */ = {isa = PBXFileReference; fileEncoding = 4; lastKnownFileType = sourcecode.swift; name = AppDelegate.swift; path = iGallery/AppDelegate.swift; sourceTree = "<group>"; };
		8304F21A1BE3BBAF00DB465A /* Info.plist */ = {isa = PBXFileReference; fileEncoding = 4; lastKnownFileType = text.plist.xml; name = Info.plist; path = iGallery/Info.plist; sourceTree = "<group>"; };
		8304F21B1BE3BBAF00DB465A /* LaunchScreen.storyboard */ = {isa = PBXFileReference; fileEncoding = 4; lastKnownFileType = file.storyboard; name = LaunchScreen.storyboard; path = iGallery/LaunchScreen.storyboard; sourceTree = "<group>"; };
		8304F2231BE3BC5000DB465A /* Photo.swift */ = {isa = PBXFileReference; fileEncoding = 4; lastKnownFileType = sourcecode.swift; name = Photo.swift; path = Components/Photo.swift; sourceTree = "<group>"; };
		8304F2271BE3BC6100DB465A /* DevicePhotoStore.swift */ = {isa = PBXFileReference; fileEncoding = 4; lastKnownFileType = sourcecode.swift; name = DevicePhotoStore.swift; path = Components/DevicePhotoStore.swift; sourceTree = "<group>"; };
		8304F2281BE3BC6100DB465A /* StockPhotoStore.swift */ = {isa = PBXFileReference; fileEncoding = 4; lastKnownFileType = sourcecode.swift; name = StockPhotoStore.swift; path = Components/StockPhotoStore.swift; sourceTree = "<group>"; };
		8304F22F1BE3BC6B00DB465A /* GalleryCollectionViewCell.swift */ = {isa = PBXFileReference; fileEncoding = 4; lastKnownFileType = sourcecode.swift; name = GalleryCollectionViewCell.swift; path = Components/GalleryCollectionViewCell.swift; sourceTree = "<group>"; };
		8304F2301BE3BC6B00DB465A /* GalleryCollectionViewController.swift */ = {isa = PBXFileReference; fileEncoding = 4; lastKnownFileType = sourcecode.swift; name = GalleryCollectionViewController.swift; path = Components/GalleryCollectionViewController.swift; sourceTree = "<group>"; };
		8304F2371BE3BC7300DB465A /* PhotoPageViewController.swift */ = {isa = PBXFileReference; fileEncoding = 4; lastKnownFileType = sourcecode.swift; name = PhotoPageViewController.swift; path = Components/PhotoPageViewController.swift; sourceTree = "<group>"; };
		8304F2381BE3BC7300DB465A /* PhotoScrollViewController.swift */ = {isa = PBXFileReference; fileEncoding = 4; lastKnownFileType = sourcecode.swift; name = PhotoScrollViewController.swift; path = Components/PhotoScrollViewController.swift; sourceTree = "<group>"; };
		832000851BE0EBA400A3430C /* ExtensionDelegate.swift */ = {isa = PBXFileReference; fileEncoding = 4; lastKnownFileType = sourcecode.swift; name = ExtensionDelegate.swift; path = watchGalleryExtension/ExtensionDelegate.swift; sourceTree = SOURCE_ROOT; };
		832000861BE0EBA400A3430C /* Info.plist */ = {isa = PBXFileReference; fileEncoding = 4; lastKnownFileType = text.plist.xml; name = Info.plist; path = watchGalleryExtension/Info.plist; sourceTree = SOURCE_ROOT; };
		832000871BE0EBA400A3430C /* InterfaceController.swift */ = {isa = PBXFileReference; fileEncoding = 4; lastKnownFileType = sourcecode.swift; name = InterfaceController.swift; path = watchGalleryExtension/InterfaceController.swift; sourceTree = SOURCE_ROOT; };
		833078C11BE029EE00804D31 /* AppAssets.xcassets */ = {isa = PBXFileReference; lastKnownFileType = folder.assetcatalog; path = AppAssets.xcassets; sourceTree = "<group>"; };
		833078D71BE0337A00804D31 /* watchGallery.app */ = {isa = PBXFileReference; explicitFileType = wrapper.application; includeInIndex = 0; path = watchGallery.app; sourceTree = BUILT_PRODUCTS_DIR; };
		833078DA1BE0337A00804D31 /* Base */ = {isa = PBXFileReference; lastKnownFileType = file.storyboard; name = Base; path = Base.lproj/Interface.storyboard; sourceTree = "<group>"; };
		833078DE1BE0337B00804D31 /* Info.plist */ = {isa = PBXFileReference; lastKnownFileType = text.plist.xml; path = Info.plist; sourceTree = "<group>"; };
		833078E31BE0337B00804D31 /* watchGalleryExtension.appex */ = {isa = PBXFileReference; explicitFileType = "wrapper.app-extension"; includeInIndex = 0; path = watchGalleryExtension.appex; sourceTree = BUILT_PRODUCTS_DIR; };
		833078FB1BE0D7FD00804D31 /* StockPhotos.xcassets */ = {isa = PBXFileReference; lastKnownFileType = folder.assetcatalog; path = StockPhotos.xcassets; sourceTree = "<group>"; };
		83436E471BDF94BD00B89409 /* tvGallery.app */ = {isa = PBXFileReference; explicitFileType = wrapper.application; includeInIndex = 0; path = tvGallery.app; sourceTree = BUILT_PRODUCTS_DIR; };
		83436E7A1BDFC9DC00B89409 /* iGallery.app */ = {isa = PBXFileReference; explicitFileType = wrapper.application; includeInIndex = 0; path = iGallery.app; sourceTree = BUILT_PRODUCTS_DIR; };
		83457B431BE2C80600AA39C4 /* Readme.md */ = {isa = PBXFileReference; lastKnownFileType = net.daringfireball.markdown; path = Readme.md; sourceTree = "<group>"; };
/* End PBXFileReference section */

/* Begin PBXFrameworksBuildPhase section */
		8304F2051BE3AEDB00DB465A /* Frameworks */ = {
			isa = PBXFrameworksBuildPhase;
			buildActionMask = 2147483647;
			files = (
			);
			runOnlyForDeploymentPostprocessing = 0;
		};
		833078E01BE0337B00804D31 /* Frameworks */ = {
			isa = PBXFrameworksBuildPhase;
			buildActionMask = 2147483647;
			files = (
			);
			runOnlyForDeploymentPostprocessing = 0;
		};
		83436E441BDF94BD00B89409 /* Frameworks */ = {
			isa = PBXFrameworksBuildPhase;
			buildActionMask = 2147483647;
			files = (
			);
			runOnlyForDeploymentPostprocessing = 0;
		};
		83436E771BDFC9DC00B89409 /* Frameworks */ = {
			isa = PBXFrameworksBuildPhase;
			buildActionMask = 2147483647;
			files = (
			);
			runOnlyForDeploymentPostprocessing = 0;
		};
/* End PBXFrameworksBuildPhase section */

/* Begin PBXGroup section */
		8304F2091BE3AEDB00DB465A /* iGalleryTests */ = {
			isa = PBXGroup;
			children = (
				8304F20A1BE3AEDB00DB465A /* iGalleryTests.swift */,
				8304F20C1BE3AEDB00DB465A /* Info.plist */,
			);
			path = iGalleryTests;
			sourceTree = "<group>";
		};
		8320008B1BE102EF00A3430C /* Single Photo */ = {
			isa = PBXGroup;
			children = (
				8304F2371BE3BC7300DB465A /* PhotoPageViewController.swift */,
				8304F2381BE3BC7300DB465A /* PhotoScrollViewController.swift */,
			);
			name = "Single Photo";
			sourceTree = "<group>";
		};
		8320008C1BE1030A00A3430C /* Gallery View */ = {
			isa = PBXGroup;
			children = (
				8304F22F1BE3BC6B00DB465A /* GalleryCollectionViewCell.swift */,
				8304F2301BE3BC6B00DB465A /* GalleryCollectionViewController.swift */,
			);
			name = "Gallery View";
			sourceTree = "<group>";
		};
		833078D81BE0337A00804D31 /* watchGallery */ = {
			isa = PBXGroup;
			children = (
				833078D91BE0337A00804D31 /* Interface.storyboard */,
				833078DE1BE0337B00804D31 /* Info.plist */,
			);
			path = watchGallery;
			sourceTree = "<group>";
		};
		833078E71BE0337B00804D31 /* watchGalleryExtension */ = {
			isa = PBXGroup;
			children = (
				832000851BE0EBA400A3430C /* ExtensionDelegate.swift */,
				832000871BE0EBA400A3430C /* InterfaceController.swift */,
				832000861BE0EBA400A3430C /* Info.plist */,
			);
			name = watchGalleryExtension;
			path = "watchGallery Extension";
			sourceTree = SOURCE_ROOT;
		};
		83436DE41BDF947900B89409 = {
			isa = PBXGroup;
			children = (
				83457B431BE2C80600AA39C4 /* Readme.md */,
				833078C11BE029EE00804D31 /* AppAssets.xcassets */,
				833078FB1BE0D7FD00804D31 /* StockPhotos.xcassets */,
				83457B461BE2C90B00AA39C4 /* Components */,
				83457B481BE2C94F00AA39C4 /* Platforms */,
				8304F2091BE3AEDB00DB465A /* iGalleryTests */,
				83436DEE1BDF947900B89409 /* Products */,
			);
			sourceTree = "<group>";
		};
		83436DEE1BDF947900B89409 /* Products */ = {
			isa = PBXGroup;
			children = (
				83436E471BDF94BD00B89409 /* tvGallery.app */,
				83436E7A1BDFC9DC00B89409 /* iGallery.app */,
				833078D71BE0337A00804D31 /* watchGallery.app */,
				833078E31BE0337B00804D31 /* watchGalleryExtension.appex */,
				8304F2081BE3AEDB00DB465A /* iGalleryTests.xctest */,
			);
			name = Products;
			sourceTree = "<group>";
		};
		83457B441BE2C84500AA39C4 /* iGallery */ = {
			isa = PBXGroup;
			children = (
				8304F2191BE3BBAF00DB465A /* AppDelegate.swift */,
				8304F21A1BE3BBAF00DB465A /* Info.plist */,
				8304F21B1BE3BBAF00DB465A /* LaunchScreen.storyboard */,
			);
			name = iGallery;
			sourceTree = "<group>";
		};
		83457B451BE2C88A00AA39C4 /* Photo Store */ = {
			isa = PBXGroup;
			children = (
				8304F2231BE3BC5000DB465A /* Photo.swift */,
				8304F2271BE3BC6100DB465A /* DevicePhotoStore.swift */,
				8304F2281BE3BC6100DB465A /* StockPhotoStore.swift */,
			);
			name = "Photo Store";
			sourceTree = "<group>";
		};
		83457B461BE2C90B00AA39C4 /* Components */ = {
			isa = PBXGroup;
			children = (
				83457B451BE2C88A00AA39C4 /* Photo Store */,
				8320008C1BE1030A00A3430C /* Gallery View */,
				8320008B1BE102EF00A3430C /* Single Photo */,
			);
			name = Components;
			sourceTree = "<group>";
		};
		83457B481BE2C94F00AA39C4 /* Platforms */ = {
			isa = PBXGroup;
			children = (
				83457B441BE2C84500AA39C4 /* iGallery */,
				833078D81BE0337A00804D31 /* watchGallery */,
				833078E71BE0337B00804D31 /* watchGalleryExtension */,
			);
			name = Platforms;
			sourceTree = "<group>";
		};
/* End PBXGroup section */

/* Begin PBXNativeTarget section */
		8304F2071BE3AEDB00DB465A /* iGalleryTests */ = {
			isa = PBXNativeTarget;
			buildConfigurationList = 8304F2111BE3AEDB00DB465A /* Build configuration list for PBXNativeTarget "iGalleryTests" */;
			buildPhases = (
				8304F2041BE3AEDB00DB465A /* Sources */,
				8304F2051BE3AEDB00DB465A /* Frameworks */,
				8304F2061BE3AEDB00DB465A /* Resources */,
			);
			buildRules = (
			);
			dependencies = (
				8304F20E1BE3AEDB00DB465A /* PBXTargetDependency */,
			);
			name = iGalleryTests;
			productName = iGalleryTests;
			productReference = 8304F2081BE3AEDB00DB465A /* iGalleryTests.xctest */;
			productType = "com.apple.product-type.bundle.unit-test";
		};
		833078D61BE0337A00804D31 /* watchGallery */ = {
			isa = PBXNativeTarget;
			buildConfigurationList = 833078F61BE0337B00804D31 /* Build configuration list for PBXNativeTarget "watchGallery" */;
			buildPhases = (
				833078D51BE0337A00804D31 /* Resources */,
				833078F51BE0337B00804D31 /* Embed App Extensions */,
			);
			buildRules = (
			);
			dependencies = (
				833078E61BE0337B00804D31 /* PBXTargetDependency */,
			);
			name = watchGallery;
			productName = watchGallery;
			productReference = 833078D71BE0337A00804D31 /* watchGallery.app */;
			productType = "com.apple.product-type.application.watchapp2";
		};
		833078E21BE0337B00804D31 /* watchGalleryExtension */ = {
			isa = PBXNativeTarget;
			buildConfigurationList = 833078F21BE0337B00804D31 /* Build configuration list for PBXNativeTarget "watchGalleryExtension" */;
			buildPhases = (
				833078DF1BE0337B00804D31 /* Sources */,
				833078E01BE0337B00804D31 /* Frameworks */,
				833078E11BE0337B00804D31 /* Resources */,
			);
			buildRules = (
			);
			dependencies = (
			);
			name = watchGalleryExtension;
			productName = "watchGallery Extension";
			productReference = 833078E31BE0337B00804D31 /* watchGalleryExtension.appex */;
			productType = "com.apple.product-type.watchkit2-extension";
		};
		83436E461BDF94BD00B89409 /* tvGallery */ = {
			isa = PBXNativeTarget;
			buildConfigurationList = 83436E691BDF94BD00B89409 /* Build configuration list for PBXNativeTarget "tvGallery" */;
			buildPhases = (
				83436E431BDF94BD00B89409 /* Sources */,
				83436E441BDF94BD00B89409 /* Frameworks */,
				83436E451BDF94BD00B89409 /* Resources */,
			);
			buildRules = (
			);
			dependencies = (
			);
			name = tvGallery;
			productName = tvGallery;
			productReference = 83436E471BDF94BD00B89409 /* tvGallery.app */;
			productType = "com.apple.product-type.application";
		};
		83436E791BDFC9DC00B89409 /* iGallery */ = {
			isa = PBXNativeTarget;
			buildConfigurationList = 83436E891BDFC9DC00B89409 /* Build configuration list for PBXNativeTarget "iGallery" */;
			buildPhases = (
				83436E761BDFC9DC00B89409 /* Sources */,
				83436E771BDFC9DC00B89409 /* Frameworks */,
				83436E781BDFC9DC00B89409 /* Resources */,
				83436EB01BDFCA1D00B89409 /* Embed Watch Content */,
			);
			buildRules = (
			);
			dependencies = (
				833078F01BE0337B00804D31 /* PBXTargetDependency */,
			);
			name = iGallery;
			productName = iGallery;
			productReference = 83436E7A1BDFC9DC00B89409 /* iGallery.app */;
			productType = "com.apple.product-type.application";
		};
/* End PBXNativeTarget section */

/* Begin PBXProject section */
		83436DE51BDF947900B89409 /* Project object */ = {
			isa = PBXProject;
			attributes = {
				LastSwiftUpdateCheck = 0710;
				LastUpgradeCheck = 0710;
				ORGANIZATIONNAME = CodeStage;
				TargetAttributes = {
					8304F2071BE3AEDB00DB465A = {
						CreatedOnToolsVersion = 7.1;
						TestTargetID = 83436E791BDFC9DC00B89409;
					};
					833078D61BE0337A00804D31 = {
						CreatedOnToolsVersion = 7.1;
						DevelopmentTeam = 57WKWB94R9;
						SystemCapabilities = {
							com.apple.ApplicationGroups.iOS = {
								enabled = 0;
							};
						};
					};
					833078E21BE0337B00804D31 = {
						CreatedOnToolsVersion = 7.1;
					};
					83436E461BDF94BD00B89409 = {
						CreatedOnToolsVersion = 7.1;
					};
					83436E791BDFC9DC00B89409 = {
						CreatedOnToolsVersion = 7.1;
					};
				};
			};
			buildConfigurationList = 83436DE81BDF947900B89409 /* Build configuration list for PBXProject "Gallery" */;
			compatibilityVersion = "Xcode 3.2";
			developmentRegion = English;
			hasScannedForEncodings = 0;
			knownRegions = (
				en,
				Base,
			);
			mainGroup = 83436DE41BDF947900B89409;
			productRefGroup = 83436DEE1BDF947900B89409 /* Products */;
			projectDirPath = "";
			projectRoot = "";
			targets = (
				83436E791BDFC9DC00B89409 /* iGallery */,
				83436E461BDF94BD00B89409 /* tvGallery */,
				833078D61BE0337A00804D31 /* watchGallery */,
				833078E21BE0337B00804D31 /* watchGalleryExtension */,
				8304F2071BE3AEDB00DB465A /* iGalleryTests */,
			);
		};
/* End PBXProject section */

/* Begin PBXResourcesBuildPhase section */
		8304F2061BE3AEDB00DB465A /* Resources */ = {
			isa = PBXResourcesBuildPhase;
			buildActionMask = 2147483647;
			files = (
			);
			runOnlyForDeploymentPostprocessing = 0;
		};
		833078D51BE0337A00804D31 /* Resources */ = {
			isa = PBXResourcesBuildPhase;
			buildActionMask = 2147483647;
			files = (
				833078DB1BE0337A00804D31 /* Interface.storyboard in Resources */,
				832000831BE0E3D400A3430C /* AppAssets.xcassets in Resources */,
			);
			runOnlyForDeploymentPostprocessing = 0;
		};
		833078E11BE0337B00804D31 /* Resources */ = {
			isa = PBXResourcesBuildPhase;
			buildActionMask = 2147483647;
			files = (
				832000841BE0E4DC00A3430C /* StockPhotos.xcassets in Resources */,
				833078F91BE0CF5100804D31 /* AppAssets.xcassets in Resources */,
			);
			runOnlyForDeploymentPostprocessing = 0;
		};
		83436E451BDF94BD00B89409 /* Resources */ = {
			isa = PBXResourcesBuildPhase;
			buildActionMask = 2147483647;
			files = (
				833078FD1BE0D7FD00804D31 /* StockPhotos.xcassets in Resources */,
				833078CA1BE029EE00804D31 /* AppAssets.xcassets in Resources */,
			);
			runOnlyForDeploymentPostprocessing = 0;
		};
		83436E781BDFC9DC00B89409 /* Resources */ = {
			isa = PBXResourcesBuildPhase;
			buildActionMask = 2147483647;
			files = (
				833078C91BE029EE00804D31 /* AppAssets.xcassets in Resources */,
				8304F2201BE3BBAF00DB465A /* LaunchScreen.storyboard in Resources */,
				833078FC1BE0D7FD00804D31 /* StockPhotos.xcassets in Resources */,
			);
			runOnlyForDeploymentPostprocessing = 0;
		};
/* End PBXResourcesBuildPhase section */

/* Begin PBXSourcesBuildPhase section */
		8304F2041BE3AEDB00DB465A /* Sources */ = {
			isa = PBXSourcesBuildPhase;
			buildActionMask = 2147483647;
			files = (
				8304F2361BE3BC6B00DB465A /* GalleryCollectionViewController.swift in Sources */,
				8304F23B1BE3BC7300DB465A /* PhotoPageViewController.swift in Sources */,
				8304F2331BE3BC6B00DB465A /* GalleryCollectionViewCell.swift in Sources */,
				8304F2221BE3BBCC00DB465A /* AppDelegate.swift in Sources */,
				8304F22E1BE3BC6100DB465A /* StockPhotoStore.swift in Sources */,
				8304F2421BE3BCBF00DB465A /* DevicePhotoStore.swift in Sources */,
				8304F2261BE3BC5000DB465A /* Photo.swift in Sources */,
				8304F20B1BE3AEDB00DB465A /* iGalleryTests.swift in Sources */,
				8304F23E1BE3BC7300DB465A /* PhotoScrollViewController.swift in Sources */,
			);
			runOnlyForDeploymentPostprocessing = 0;
		};
		833078DF1BE0337B00804D31 /* Sources */ = {
			isa = PBXSourcesBuildPhase;
			buildActionMask = 2147483647;
			files = (
				8304F23F1BE3BC8700DB465A /* StockPhotoStore.swift in Sources */,
				8320008A1BE0EBA400A3430C /* InterfaceController.swift in Sources */,
				832000881BE0EBA400A3430C /* ExtensionDelegate.swift in Sources */,
				8304F2441BE3BCF700DB465A /* Photo.swift in Sources */,
			);
			runOnlyForDeploymentPostprocessing = 0;
		};
		83436E431BDF94BD00B89409 /* Sources */ = {
			isa = PBXSourcesBuildPhase;
			buildActionMask = 2147483647;
			files = (
				8304F2251BE3BC5000DB465A /* Photo.swift in Sources */,
				8304F21D1BE3BBAF00DB465A /* AppDelegate.swift in Sources */,
				8304F2351BE3BC6B00DB465A /* GalleryCollectionViewController.swift in Sources */,
				8304F2321BE3BC6B00DB465A /* GalleryCollectionViewCell.swift in Sources */,
				8304F23A1BE3BC7300DB465A /* PhotoPageViewController.swift in Sources */,
				8304F23D1BE3BC7300DB465A /* PhotoScrollViewController.swift in Sources */,
				8304F22D1BE3BC6100DB465A /* StockPhotoStore.swift in Sources */,
			);
			runOnlyForDeploymentPostprocessing = 0;
		};
		83436E761BDFC9DC00B89409 /* Sources */ = {
			isa = PBXSourcesBuildPhase;
			buildActionMask = 2147483647;
			files = (
				8304F2241BE3BC5000DB465A /* Photo.swift in Sources */,
				8304F21C1BE3BBAF00DB465A /* AppDelegate.swift in Sources */,
				8304F2341BE3BC6B00DB465A /* GalleryCollectionViewController.swift in Sources */,
				8304F2311BE3BC6B00DB465A /* GalleryCollectionViewCell.swift in Sources */,
				8304F2391BE3BC7300DB465A /* PhotoPageViewController.swift in Sources */,
				8304F23C1BE3BC7300DB465A /* PhotoScrollViewController.swift in Sources */,
				8304F2401BE3BCBA00DB465A /* DevicePhotoStore.swift in Sources */,
				8304F22C1BE3BC6100DB465A /* StockPhotoStore.swift in Sources */,
			);
			runOnlyForDeploymentPostprocessing = 0;
		};
/* End PBXSourcesBuildPhase section */

/* Begin PBXTargetDependency section */
		8304F20E1BE3AEDB00DB465A /* PBXTargetDependency */ = {
			isa = PBXTargetDependency;
			target = 83436E791BDFC9DC00B89409 /* iGallery */;
			targetProxy = 8304F20D1BE3AEDB00DB465A /* PBXContainerItemProxy */;
		};
		833078E61BE0337B00804D31 /* PBXTargetDependency */ = {
			isa = PBXTargetDependency;
			target = 833078E21BE0337B00804D31 /* watchGalleryExtension */;
			targetProxy = 833078E51BE0337B00804D31 /* PBXContainerItemProxy */;
		};
		833078F01BE0337B00804D31 /* PBXTargetDependency */ = {
			isa = PBXTargetDependency;
			target = 833078D61BE0337A00804D31 /* watchGallery */;
			targetProxy = 833078EF1BE0337B00804D31 /* PBXContainerItemProxy */;
		};
/* End PBXTargetDependency section */

/* Begin PBXVariantGroup section */
		833078D91BE0337A00804D31 /* Interface.storyboard */ = {
			isa = PBXVariantGroup;
			children = (
				833078DA1BE0337A00804D31 /* Base */,
			);
			name = Interface.storyboard;
			sourceTree = "<group>";
		};
/* End PBXVariantGroup section */

/* Begin XCBuildConfiguration section */
		8304F20F1BE3AEDB00DB465A /* Debug */ = {
			isa = XCBuildConfiguration;
			buildSettings = {
				BUNDLE_LOADER = "$(TEST_HOST)";
				INFOPLIST_FILE = iGalleryTests/Info.plist;
				LD_RUNPATH_SEARCH_PATHS = "$(inherited) @executable_path/Frameworks @loader_path/Frameworks";
				PRODUCT_BUNDLE_IDENTIFIER = de.chriskoenig.iGalleryTests;
				PRODUCT_NAME = "$(TARGET_NAME)";
				TEST_HOST = "$(BUILT_PRODUCTS_DIR)/iGallery.app/iGallery";
			};
			name = Debug;
		};
		8304F2101BE3AEDB00DB465A /* Release */ = {
			isa = XCBuildConfiguration;
			buildSettings = {
				BUNDLE_LOADER = "$(TEST_HOST)";
				INFOPLIST_FILE = iGalleryTests/Info.plist;
				LD_RUNPATH_SEARCH_PATHS = "$(inherited) @executable_path/Frameworks @loader_path/Frameworks";
				PRODUCT_BUNDLE_IDENTIFIER = de.chriskoenig.iGalleryTests;
				PRODUCT_NAME = "$(TARGET_NAME)";
				TEST_HOST = "$(BUILT_PRODUCTS_DIR)/iGallery.app/iGallery";
			};
			name = Release;
		};
		833078F31BE0337B00804D31 /* Debug */ = {
			isa = XCBuildConfiguration;
			buildSettings = {
				INFOPLIST_FILE = watchGalleryExtension/Info.plist;
				LD_RUNPATH_SEARCH_PATHS = "$(inherited) @executable_path/Frameworks @executable_path/../../Frameworks";
				PRODUCT_BUNDLE_IDENTIFIER = de.chriskoenig.iGallery.watchkitapp.watchkitextension;
				PRODUCT_NAME = "${TARGET_NAME}";
				SDKROOT = watchos;
				SKIP_INSTALL = YES;
				TARGETED_DEVICE_FAMILY = 4;
				WATCHOS_DEPLOYMENT_TARGET = 2.0;
			};
			name = Debug;
		};
		833078F41BE0337B00804D31 /* Release */ = {
			isa = XCBuildConfiguration;
			buildSettings = {
				INFOPLIST_FILE = watchGalleryExtension/Info.plist;
				LD_RUNPATH_SEARCH_PATHS = "$(inherited) @executable_path/Frameworks @executable_path/../../Frameworks";
				PRODUCT_BUNDLE_IDENTIFIER = de.chriskoenig.iGallery.watchkitapp.watchkitextension;
				PRODUCT_NAME = "${TARGET_NAME}";
				SDKROOT = watchos;
				SKIP_INSTALL = YES;
				TARGETED_DEVICE_FAMILY = 4;
				WATCHOS_DEPLOYMENT_TARGET = 2.0;
			};
			name = Release;
		};
		833078F71BE0337B00804D31 /* Debug */ = {
			isa = XCBuildConfiguration;
			buildSettings = {
				ASSETCATALOG_COMPILER_APPICON_NAME = AppIcon;
				CODE_SIGN_IDENTITY = "iPhone Developer";
				"CODE_SIGN_IDENTITY[sdk=watchos*]" = "iPhone Developer";
				EMBEDDED_CONTENT_CONTAINS_SWIFT = YES;
				IBSC_MODULE = watchGalleryExtension;
				INFOPLIST_FILE = watchGallery/Info.plist;
				PRODUCT_BUNDLE_IDENTIFIER = de.chriskoenig.iGallery.watchkitapp;
				PRODUCT_NAME = "$(TARGET_NAME)";
				PROVISIONING_PROFILE = "";
				SDKROOT = watchos;
				SKIP_INSTALL = YES;
				TARGETED_DEVICE_FAMILY = 4;
				WATCHOS_DEPLOYMENT_TARGET = 2.0;
			};
			name = Debug;
		};
		833078F81BE0337B00804D31 /* Release */ = {
			isa = XCBuildConfiguration;
			buildSettings = {
				ASSETCATALOG_COMPILER_APPICON_NAME = AppIcon;
				CODE_SIGN_IDENTITY = "iPhone Developer";
				"CODE_SIGN_IDENTITY[sdk=watchos*]" = "iPhone Developer";
				EMBEDDED_CONTENT_CONTAINS_SWIFT = YES;
				IBSC_MODULE = watchGalleryExtension;
				INFOPLIST_FILE = watchGallery/Info.plist;
				PRODUCT_BUNDLE_IDENTIFIER = de.chriskoenig.iGallery.watchkitapp;
				PRODUCT_NAME = "$(TARGET_NAME)";
				PROVISIONING_PROFILE = "";
				SDKROOT = watchos;
				SKIP_INSTALL = YES;
				TARGETED_DEVICE_FAMILY = 4;
				WATCHOS_DEPLOYMENT_TARGET = 2.0;
			};
			name = Release;
		};
		83436E301BDF947900B89409 /* Debug */ = {
			isa = XCBuildConfiguration;
			buildSettings = {
				ALWAYS_SEARCH_USER_PATHS = NO;
				CLANG_CXX_LANGUAGE_STANDARD = "gnu++0x";
				CLANG_CXX_LIBRARY = "libc++";
				CLANG_ENABLE_MODULES = YES;
				CLANG_ENABLE_OBJC_ARC = YES;
				CLANG_WARN_BOOL_CONVERSION = YES;
				CLANG_WARN_CONSTANT_CONVERSION = YES;
				CLANG_WARN_DIRECT_OBJC_ISA_USAGE = YES_ERROR;
				CLANG_WARN_EMPTY_BODY = YES;
				CLANG_WARN_ENUM_CONVERSION = YES;
				CLANG_WARN_INT_CONVERSION = YES;
				CLANG_WARN_OBJC_ROOT_CLASS = YES_ERROR;
				CLANG_WARN_UNREACHABLE_CODE = YES;
				CLANG_WARN__DUPLICATE_METHOD_MATCH = YES;
				"CODE_SIGN_IDENTITY[sdk=iphoneos*]" = "iPhone Developer";
				COPY_PHASE_STRIP = NO;
				DEBUG_INFORMATION_FORMAT = dwarf;
				ENABLE_STRICT_OBJC_MSGSEND = YES;
				ENABLE_TESTABILITY = YES;
				GCC_C_LANGUAGE_STANDARD = gnu99;
				GCC_DYNAMIC_NO_PIC = NO;
				GCC_NO_COMMON_BLOCKS = YES;
				GCC_OPTIMIZATION_LEVEL = 0;
				GCC_PREPROCESSOR_DEFINITIONS = (
					"DEBUG=1",
					"$(inherited)",
				);
				GCC_WARN_64_TO_32_BIT_CONVERSION = YES;
				GCC_WARN_ABOUT_RETURN_TYPE = YES_ERROR;
				GCC_WARN_UNDECLARED_SELECTOR = YES;
				GCC_WARN_UNINITIALIZED_AUTOS = YES_AGGRESSIVE;
				GCC_WARN_UNUSED_FUNCTION = YES;
				GCC_WARN_UNUSED_VARIABLE = YES;
				INFOPLIST_FILE = iGallery/Info.plist;
				IPHONEOS_DEPLOYMENT_TARGET = 9.1;
				MTL_ENABLE_DEBUG_INFO = YES;
				ONLY_ACTIVE_ARCH = YES;
				SDKROOT = iphoneos;
				SWIFT_OPTIMIZATION_LEVEL = "-Onone";
				TARGETED_DEVICE_FAMILY = "1,2";
			};
			name = Debug;
		};
		83436E311BDF947900B89409 /* Release */ = {
			isa = XCBuildConfiguration;
			buildSettings = {
				ALWAYS_SEARCH_USER_PATHS = NO;
				CLANG_CXX_LANGUAGE_STANDARD = "gnu++0x";
				CLANG_CXX_LIBRARY = "libc++";
				CLANG_ENABLE_MODULES = YES;
				CLANG_ENABLE_OBJC_ARC = YES;
				CLANG_WARN_BOOL_CONVERSION = YES;
				CLANG_WARN_CONSTANT_CONVERSION = YES;
				CLANG_WARN_DIRECT_OBJC_ISA_USAGE = YES_ERROR;
				CLANG_WARN_EMPTY_BODY = YES;
				CLANG_WARN_ENUM_CONVERSION = YES;
				CLANG_WARN_INT_CONVERSION = YES;
				CLANG_WARN_OBJC_ROOT_CLASS = YES_ERROR;
				CLANG_WARN_UNREACHABLE_CODE = YES;
				CLANG_WARN__DUPLICATE_METHOD_MATCH = YES;
				"CODE_SIGN_IDENTITY[sdk=iphoneos*]" = "iPhone Developer";
				COPY_PHASE_STRIP = NO;
				DEBUG_INFORMATION_FORMAT = "dwarf-with-dsym";
				ENABLE_NS_ASSERTIONS = NO;
				ENABLE_STRICT_OBJC_MSGSEND = YES;
				GCC_C_LANGUAGE_STANDARD = gnu99;
				GCC_NO_COMMON_BLOCKS = YES;
				GCC_WARN_64_TO_32_BIT_CONVERSION = YES;
				GCC_WARN_ABOUT_RETURN_TYPE = YES_ERROR;
				GCC_WARN_UNDECLARED_SELECTOR = YES;
				GCC_WARN_UNINITIALIZED_AUTOS = YES_AGGRESSIVE;
				GCC_WARN_UNUSED_FUNCTION = YES;
				GCC_WARN_UNUSED_VARIABLE = YES;
				INFOPLIST_FILE = iGallery/Info.plist;
				IPHONEOS_DEPLOYMENT_TARGET = 9.1;
				MTL_ENABLE_DEBUG_INFO = NO;
				SDKROOT = iphoneos;
				TARGETED_DEVICE_FAMILY = "1,2";
				VALIDATE_PRODUCT = YES;
			};
			name = Release;
		};
		83436E6A1BDF94BD00B89409 /* Debug */ = {
			isa = XCBuildConfiguration;
			buildSettings = {
				ASSETCATALOG_COMPILER_APPICON_NAME = TV;
				ASSETCATALOG_COMPILER_LAUNCHIMAGE_NAME = LaunchImage;
				CLANG_ENABLE_MODULES = YES;
				LD_RUNPATH_SEARCH_PATHS = "$(inherited) @executable_path/Frameworks";
				PRODUCT_BUNDLE_IDENTIFIER = de.chriskoenig.tvGallery;
				PRODUCT_NAME = "$(TARGET_NAME)";
				SDKROOT = appletvos;
				SWIFT_OPTIMIZATION_LEVEL = "-Onone";
				TARGETED_DEVICE_FAMILY = 3;
				TVOS_DEPLOYMENT_TARGET = 9.0;
			};
			name = Debug;
		};
		83436E6B1BDF94BD00B89409 /* Release */ = {
			isa = XCBuildConfiguration;
			buildSettings = {
				ASSETCATALOG_COMPILER_APPICON_NAME = TV;
				ASSETCATALOG_COMPILER_LAUNCHIMAGE_NAME = LaunchImage;
				CLANG_ENABLE_MODULES = YES;
				LD_RUNPATH_SEARCH_PATHS = "$(inherited) @executable_path/Frameworks";
				PRODUCT_BUNDLE_IDENTIFIER = de.chriskoenig.tvGallery;
				PRODUCT_NAME = "$(TARGET_NAME)";
				SDKROOT = appletvos;
				TARGETED_DEVICE_FAMILY = 3;
				TVOS_DEPLOYMENT_TARGET = 9.0;
			};
			name = Release;
		};
		83436E8A1BDFC9DC00B89409 /* Debug */ = {
			isa = XCBuildConfiguration;
			buildSettings = {
				ASSETCATALOG_COMPILER_APPICON_NAME = AppIcon;
				CLANG_ENABLE_MODULES = YES;
				LD_RUNPATH_SEARCH_PATHS = "$(inherited) @executable_path/Frameworks";
				PRODUCT_BUNDLE_IDENTIFIER = de.chriskoenig.iGallery;
				PRODUCT_NAME = "$(TARGET_NAME)";
				SWIFT_OPTIMIZATION_LEVEL = "-Onone";
			};
			name = Debug;
		};
		83436E8B1BDFC9DC00B89409 /* Release */ = {
			isa = XCBuildConfiguration;
			buildSettings = {
				ASSETCATALOG_COMPILER_APPICON_NAME = AppIcon;
				CLANG_ENABLE_MODULES = YES;
				LD_RUNPATH_SEARCH_PATHS = "$(inherited) @executable_path/Frameworks";
				PRODUCT_BUNDLE_IDENTIFIER = de.chriskoenig.iGallery;
				PRODUCT_NAME = "$(TARGET_NAME)";
			};
			name = Release;
		};
/* End XCBuildConfiguration section */

/* Begin XCConfigurationList section */
		8304F2111BE3AEDB00DB465A /* Build configuration list for PBXNativeTarget "iGalleryTests" */ = {
			isa = XCConfigurationList;
			buildConfigurations = (
				8304F20F1BE3AEDB00DB465A /* Debug */,
				8304F2101BE3AEDB00DB465A /* Release */,
			);
			defaultConfigurationIsVisible = 0;
		};
		833078F21BE0337B00804D31 /* Build configuration list for PBXNativeTarget "watchGalleryExtension" */ = {
			isa = XCConfigurationList;
			buildConfigurations = (
				833078F31BE0337B00804D31 /* Debug */,
				833078F41BE0337B00804D31 /* Release */,
			);
			defaultConfigurationIsVisible = 0;
			defaultConfigurationName = Release;
		};
		833078F61BE0337B00804D31 /* Build configuration list for PBXNativeTarget "watchGallery" */ = {
			isa = XCConfigurationList;
			buildConfigurations = (
				833078F71BE0337B00804D31 /* Debug */,
				833078F81BE0337B00804D31 /* Release */,
			);
			defaultConfigurationIsVisible = 0;
			defaultConfigurationName = Release;
		};
		83436DE81BDF947900B89409 /* Build configuration list for PBXProject "Gallery" */ = {
			isa = XCConfigurationList;
			buildConfigurations = (
				83436E301BDF947900B89409 /* Debug */,
				83436E311BDF947900B89409 /* Release */,
			);
			defaultConfigurationIsVisible = 0;
			defaultConfigurationName = Release;
		};
		83436E691BDF94BD00B89409 /* Build configuration list for PBXNativeTarget "tvGallery" */ = {
			isa = XCConfigurationList;
			buildConfigurations = (
				83436E6A1BDF94BD00B89409 /* Debug */,
				83436E6B1BDF94BD00B89409 /* Release */,
			);
			defaultConfigurationIsVisible = 0;
			defaultConfigurationName = Release;
		};
		83436E891BDFC9DC00B89409 /* Build configuration list for PBXNativeTarget "iGallery" */ = {
			isa = XCConfigurationList;
			buildConfigurations = (
				83436E8A1BDFC9DC00B89409 /* Debug */,
				83436E8B1BDFC9DC00B89409 /* Release */,
			);
			defaultConfigurationIsVisible = 0;
			defaultConfigurationName = Release;
		};
/* End XCConfigurationList section */
	};
	rootObject = 83436DE51BDF947900B89409 /* Project object */;
}
